Microsoft Visual Studio Solution File, Format Version 12.00
# Visual Studio Version 16
VisualStudioVersion = 16.0.0.0
MinimumVisualStudioVersion = 16.0.0.0
Project("{9A19103F-16F7-4668-BE54-9A1E7A4F7556}") = "WBSL", "WBSL\WBSL.csproj", "{69CC172E-A186-4E3B-A4B8-8F8AB79AF198}"
EndProject
Project("{9A19103F-16F7-4668-BE54-9A1E7A4F7556}") = "WBSL.Client", "WBSL.Client\WBSL.Client.csproj", "{F28BC735-C2C6-44D4-B27C-4F4BDC1A1B70}"
EndProject
Global
	GlobalSection(SolutionConfigurationPlatforms) = preSolution
		Debug|Any CPU = Debug|Any CPU
		Debug|x64 = Debug|x64
		Debug|x86 = Debug|x86
		Release|Any CPU = Release|Any CPU
		Release|x64 = Release|x64
		Release|x86 = Release|x86
	EndGlobalSection
	GlobalSection(ProjectConfigurationPlatforms) = postSolution
		{F28BC735-C2C6-44D4-B27C-4F4BDC1A1B70}.Debug|Any CPU.ActiveCfg = Debug|Any CPU
		{F28BC735-C2C6-44D4-B27C-4F4BDC1A1B70}.Debug|Any CPU.Build.0 = Debug|Any CPU
		{F28BC735-C2C6-44D4-B27C-4F4BDC1A1B70}.Debug|x64.ActiveCfg = Debug|Any CPU
		{F28BC735-C2C6-44D4-B27C-4F4BDC1A1B70}.Debug|x64.Build.0 = Debug|Any CPU
		{F28BC735-C2C6-44D4-B27C-4F4BDC1A1B70}.Debug|x86.ActiveCfg = Debug|Any CPU
		{F28BC735-C2C6-44D4-B27C-4F4BDC1A1B70}.Debug|x86.Build.0 = Debug|Any CPU
		{F28BC735-C2C6-44D4-B27C-4F4BDC1A1B70}.Release|Any CPU.ActiveCfg = Release|Any CPU
		{F28BC735-C2C6-44D4-B27C-4F4BDC1A1B70}.Release|Any CPU.Build.0 = Release|Any CPU
		{F28BC735-C2C6-44D4-B27C-4F4BDC1A1B70}.Release|x64.ActiveCfg = Release|Any CPU
		{F28BC735-C2C6-44D4-B27C-4F4BDC1A1B70}.Release|x64.Build.0 = Release|Any CPU
		{F28BC735-C2C6-44D4-B27C-4F4BDC1A1B70}.Release|x86.ActiveCfg = Release|Any CPU
		{F28BC735-C2C6-44D4-B27C-4F4BDC1A1B70}.Release|x86.Build.0 = Release|Any CPU
		{69CC172E-A186-4E3B-A4B8-8F8AB79AF198}.Debug|Any CPU.ActiveCfg = Debug|Any CPU
		{69CC172E-A186-4E3B-A4B8-8F8AB79AF198}.Debug|Any CPU.Build.0 = Debug|Any CPU
		{69CC172E-A186-4E3B-A4B8-8F8AB79AF198}.Debug|x64.ActiveCfg = Debug|Any CPU
		{69CC172E-A186-4E3B-A4B8-8F8AB79AF198}.Debug|x64.Build.0 = Debug|Any CPU
		{69CC172E-A186-4E3B-A4B8-8F8AB79AF198}.Debug|x86.ActiveCfg = Debug|Any CPU
		{69CC172E-A186-4E3B-A4B8-8F8AB79AF198}.Debug|x86.Build.0 = Debug|Any CPU
		{69CC172E-A186-4E3B-A4B8-8F8AB79AF198}.Release|Any CPU.ActiveCfg = Release|Any CPU
		{69CC172E-A186-4E3B-A4B8-8F8AB79AF198}.Release|Any CPU.Build.0 = Release|Any CPU
		{69CC172E-A186-4E3B-A4B8-8F8AB79AF198}.Release|x64.ActiveCfg = Release|Any CPU
		{69CC172E-A186-4E3B-A4B8-8F8AB79AF198}.Release|x64.Build.0 = Release|Any CPU
		{69CC172E-A186-4E3B-A4B8-8F8AB79AF198}.Release|x86.ActiveCfg = Release|Any CPU
		{69CC172E-A186-4E3B-A4B8-8F8AB79AF198}.Release|x86.Build.0 = Release|Any CPU
	EndGlobalSection
	GlobalSection(SolutionProperties) = preSolution
		HideSolutionNode = FALSE
	EndGlobalSection
	GlobalSection(ExtensibilityGlobals) = postSolution
		SolutionGuid = {B853C14B-5A01-4328-B7D9-1F7212AA7C8F}
	EndGlobalSection
EndGlobal
